
Microsoft Visual Studio Solution File, Format Version 12.00
# Visual Studio Version 17
VisualStudioVersion = 17.4.33122.133
MinimumVisualStudioVersion = 10.0.40219.1
Project("{FAE04EC0-301F-11D3-BF4B-00C04F79EFBC}") = "Lab_12", "Lab_12\Lab_12.csproj", "{FF9EAC89-2217-4F46-8415-E087C528D89B}"
EndProject
Project("{FAE04EC0-301F-11D3-BF4B-00C04F79EFBC}") = "Lab_12_ind", "..\Lab_12_ind\Lab_12_ind\Lab_12_ind.csproj", "{C1ABE780-6A18-4F8D-80C7-F67D385463CD}"
EndProject
Global
	GlobalSection(SolutionConfigurationPlatforms) = preSolution
		Debug|Any CPU = Debug|Any CPU
		Release|Any CPU = Release|Any CPU
	EndGlobalSection
	GlobalSection(ProjectConfigurationPlatforms) = postSolution
		{FF9EAC89-2217-4F46-8415-E087C528D89B}.Debug|Any CPU.ActiveCfg = Debug|Any CPU
		{FF9EAC89-2217-4F46-8415-E087C528D89B}.Debug|Any CPU.Build.0 = Debug|Any CPU
		{FF9EAC89-2217-4F46-8415-E087C528D89B}.Release|Any CPU.ActiveCfg = Release|Any CPU
		{FF9EAC89-2217-4F46-8415-E087C528D89B}.Release|Any CPU.Build.0 = Release|Any CPU
		{C1ABE780-6A18-4F8D-80C7-F67D385463CD}.Debug|Any CPU.ActiveCfg = Debug|Any CPU
		{C1ABE780-6A18-4F8D-80C7-F67D385463CD}.Debug|Any CPU.Build.0 = Debug|Any CPU
		{C1ABE780-6A18-4F8D-80C7-F67D385463CD}.Release|Any CPU.ActiveCfg = Release|Any CPU
		{C1ABE780-6A18-4F8D-80C7-F67D385463CD}.Release|Any CPU.Build.0 = Release|Any CPU
	EndGlobalSection
	GlobalSection(SolutionProperties) = preSolution
		HideSolutionNode = FALSE
	EndGlobalSection
	GlobalSection(ExtensibilityGlobals) = postSolution
		SolutionGuid = {21154E46-8F52-4615-9F82-DAEFDC05B08F}
	EndGlobalSection
EndGlobal
